
Microsoft Visual Studio Solution File, Format Version 12.00
# Visual Studio 15
VisualStudioVersion = 15.0.28307.489
MinimumVisualStudioVersion = 10.0.40219.1
Project("{FAE04EC0-301F-11D3-BF4B-00C04F79EFBC}") = "BooksAPI", "BooksAPI\BooksAPI.csproj", "{58CFD4C6-A747-4328-962E-8CCEF9342D50}"
EndProject
Global
	GlobalSection(SolutionConfigurationPlatforms) = preSolution
		Debug|Any CPU = Debug|Any CPU
		Release|Any CPU = Release|Any CPU
	EndGlobalSection
	GlobalSection(ProjectConfigurationPlatforms) = postSolution
		{58CFD4C6-A747-4328-962E-8CCEF9342D50}.Debug|Any CPU.ActiveCfg = Debug|Any CPU
		{58CFD4C6-A747-4328-962E-8CCEF9342D50}.Debug|Any CPU.Build.0 = Debug|Any CPU
		{58CFD4C6-A747-4328-962E-8CCEF9342D50}.Release|Any CPU.ActiveCfg = Release|Any CPU
		{58CFD4C6-A747-4328-962E-8CCEF9342D50}.Release|Any CPU.Build.0 = Release|Any CPU
	EndGlobalSection
	GlobalSection(SolutionProperties) = preSolution
		HideSolutionNode = FALSE
	EndGlobalSection
	GlobalSection(ExtensibilityGlobals) = postSolution
		SolutionGuid = {6FE4E082-596F-4C26-AB2B-1E62F8F8CDA0}
	EndGlobalSection
EndGlobal
